
Microsoft Visual Studio Solution File, Format Version 12.00
# Visual Studio Version 17
VisualStudioVersion = 17.1.32328.378
MinimumVisualStudioVersion = 10.0.40219.1
Project("{FAE04EC0-301F-11D3-BF4B-00C04F79EFBC}") = "RateLimiter", "RateLimiter.csproj", "{CA2554B7-59A1-4A11-948B-659AA4EE6D05}"
EndProject
Global
	GlobalSection(SolutionConfigurationPlatforms) = preSolution
		Debug|Any CPU = Debug|Any CPU
		Release|Any CPU = Release|Any CPU
	EndGlobalSection
	GlobalSection(ProjectConfigurationPlatforms) = postSolution
		{CA2554B7-59A1-4A11-948B-659AA4EE6D05}.Debug|Any CPU.ActiveCfg = Debug|Any CPU
		{CA2554B7-59A1-4A11-948B-659AA4EE6D05}.Debug|Any CPU.Build.0 = Debug|Any CPU
		{CA2554B7-59A1-4A11-948B-659AA4EE6D05}.Release|Any CPU.ActiveCfg = Release|Any CPU
		{CA2554B7-59A1-4A11-948B-659AA4EE6D05}.Release|Any CPU.Build.0 = Release|Any CPU
	EndGlobalSection
	GlobalSection(SolutionProperties) = preSolution
		HideSolutionNode = FALSE
	EndGlobalSection
	GlobalSection(ExtensibilityGlobals) = postSolution
		SolutionGuid = {B10DA3E0-EA7A-4449-80E2-9D5462AE613D}
	EndGlobalSection
EndGlobal
