
Microsoft Visual Studio Solution File, Format Version 12.00
# Visual Studio 15
VisualStudioVersion = 15.0.28010.2003
MinimumVisualStudioVersion = 10.0.40219.1
Project("{2150E333-8FDC-42A3-9474-1A3956D46DE8}") = "q2", "q2", "{B6831243-13E9-48BD-8720-7911141E690E}"
	ProjectSection(SolutionItems) = preProject
		q2\MyClass.java = q2\MyClass.java
	EndProjectSection
EndProject
Project("{FAE04EC0-301F-11D3-BF4B-00C04F79EFBC}") = "ascii-to-numbers", "ascii-to-numbers\ascii-to-numbers.csproj", "{B1ECEC1B-9F96-47E6-AC36-58019EAB52C9}"
EndProject
Project("{FAE04EC0-301F-11D3-BF4B-00C04F79EFBC}") = "words-count", "words-count\words-count.csproj", "{3C1C9D61-5A7E-48A5-B53C-4F2829AFCF8C}"
EndProject
Global
	GlobalSection(SolutionConfigurationPlatforms) = preSolution
		Debug|Any CPU = Debug|Any CPU
		Release|Any CPU = Release|Any CPU
	EndGlobalSection
	GlobalSection(ProjectConfigurationPlatforms) = postSolution
		{B1ECEC1B-9F96-47E6-AC36-58019EAB52C9}.Debug|Any CPU.ActiveCfg = Debug|Any CPU
		{B1ECEC1B-9F96-47E6-AC36-58019EAB52C9}.Debug|Any CPU.Build.0 = Debug|Any CPU
		{B1ECEC1B-9F96-47E6-AC36-58019EAB52C9}.Release|Any CPU.ActiveCfg = Release|Any CPU
		{B1ECEC1B-9F96-47E6-AC36-58019EAB52C9}.Release|Any CPU.Build.0 = Release|Any CPU
		{3C1C9D61-5A7E-48A5-B53C-4F2829AFCF8C}.Debug|Any CPU.ActiveCfg = Debug|Any CPU
		{3C1C9D61-5A7E-48A5-B53C-4F2829AFCF8C}.Debug|Any CPU.Build.0 = Debug|Any CPU
		{3C1C9D61-5A7E-48A5-B53C-4F2829AFCF8C}.Release|Any CPU.ActiveCfg = Release|Any CPU
		{3C1C9D61-5A7E-48A5-B53C-4F2829AFCF8C}.Release|Any CPU.Build.0 = Release|Any CPU
	EndGlobalSection
	GlobalSection(SolutionProperties) = preSolution
		HideSolutionNode = FALSE
	EndGlobalSection
	GlobalSection(ExtensibilityGlobals) = postSolution
		SolutionGuid = {EFB0B40D-A912-4C7B-A052-801529DF585C}
	EndGlobalSection
EndGlobal
