
Microsoft Visual Studio Solution File, Format Version 12.00
# Visual Studio Version 17
VisualStudioVersion = 17.1.32328.378
MinimumVisualStudioVersion = 10.0.40219.1
Project("{FAE04EC0-301F-11D3-BF4B-00C04F79EFBC}") = "RomanLetters", "RomanLetters.csproj", "{49FEB659-7F1D-4691-8106-DF71FCE6AE47}"
EndProject
Global
	GlobalSection(SolutionConfigurationPlatforms) = preSolution
		Debug|Any CPU = Debug|Any CPU
		Release|Any CPU = Release|Any CPU
	EndGlobalSection
	GlobalSection(ProjectConfigurationPlatforms) = postSolution
		{49FEB659-7F1D-4691-8106-DF71FCE6AE47}.Debug|Any CPU.ActiveCfg = Debug|Any CPU
		{49FEB659-7F1D-4691-8106-DF71FCE6AE47}.Debug|Any CPU.Build.0 = Debug|Any CPU
		{49FEB659-7F1D-4691-8106-DF71FCE6AE47}.Release|Any CPU.ActiveCfg = Release|Any CPU
		{49FEB659-7F1D-4691-8106-DF71FCE6AE47}.Release|Any CPU.Build.0 = Release|Any CPU
	EndGlobalSection
	GlobalSection(SolutionProperties) = preSolution
		HideSolutionNode = FALSE
	EndGlobalSection
	GlobalSection(ExtensibilityGlobals) = postSolution
		SolutionGuid = {F20A43D2-A5B3-4F50-AF55-A770C4E5DB0E}
	EndGlobalSection
EndGlobal
